// !$*UTF8*$!
{
	archiveVersion = 1;
	classes = {
	};
	objectVersion = 51;
	objects = {

/* Begin PBXBuildFile section */
		4250BDFF362C179215AB6672 /* Pods_yn_shipingtonghua.framework in Frameworks */ = {isa = PBXBuildFile; fileRef = 4D3A69190F7E2AE4F81F143E /* Pods_yn_shipingtonghua.framework */; };
		8F620E1F25BFF30B0042C243 /* CollectionViewCell.swift in Sources */ = {isa = PBXBuildFile; fileRef = 8F620E1E25BFF30B0042C243 /* CollectionViewCell.swift */; };
		8F620E2F25BFF8300042C243 /* BBModel.swift in Sources */ = {isa = PBXBuildFile; fileRef = 8F620E2E25BFF8300042C243 /* BBModel.swift */; };
		8F620E3225BFF9440042C243 /* PlayAudio.swift in Sources */ = {isa = PBXBuildFile; fileRef = 8F620E3125BFF9440042C243 /* PlayAudio.swift */; };
		8F620EA425C02EA60042C243 /* Accelerate.framework in Frameworks */ = {isa = PBXBuildFile; fileRef = 8F620EA325C02EA60042C243 /* Accelerate.framework */; };
		8F620EBF25C036550042C243 /* GenerateTestUserSig.m in Sources */ = {isa = PBXBuildFile; fileRef = 8F620EBE25C036550042C243 /* GenerateTestUserSig.m */; };
		8F620EC325C037570042C243 /* libc++.tbd in Frameworks */ = {isa = PBXBuildFile; fileRef = 8F620EC125C037000042C243 /* libc++.tbd */; };
		8F620EDD25C0FA390042C243 /* DateUtils.swift in Sources */ = {isa = PBXBuildFile; fileRef = 8F620EDC25C0FA390042C243 /* DateUtils.swift */; };
		8F620EE325C1516F0042C243 /* PaddingLabel.swift in Sources */ = {isa = PBXBuildFile; fileRef = 8F620EE225C1516F0042C243 /* PaddingLabel.swift */; };
		8FB6601C25BEB2E8002E4FAB /* Utils.swift in Sources */ = {isa = PBXBuildFile; fileRef = 8FB6601B25BEB2E8002E4FAB /* Utils.swift */; };
		8FB6602B25BEC907002E4FAB /* Logging.swift in Sources */ = {isa = PBXBuildFile; fileRef = 8FB6602A25BEC907002E4FAB /* Logging.swift */; };
		8FB6603325BF9B34002E4FAB /* VUtils.swift in Sources */ = {isa = PBXBuildFile; fileRef = 8FB6603225BF9B34002E4FAB /* VUtils.swift */; };
		8FDD24AD25BE706F006AB4A3 /* AppDelegate.swift in Sources */ = {isa = PBXBuildFile; fileRef = 8FDD24AC25BE706F006AB4A3 /* AppDelegate.swift */; };
		8FDD24AF25BE706F006AB4A3 /* SceneDelegate.swift in Sources */ = {isa = PBXBuildFile; fileRef = 8FDD24AE25BE706F006AB4A3 /* SceneDelegate.swift */; };
		8FDD24B125BE706F006AB4A3 /* ViewController.swift in Sources */ = {isa = PBXBuildFile; fileRef = 8FDD24B025BE706F006AB4A3 /* ViewController.swift */; };
		8FDD24B425BE706F006AB4A3 /* Main.storyboard in Resources */ = {isa = PBXBuildFile; fileRef = 8FDD24B225BE706F006AB4A3 /* Main.storyboard */; };
		8FDD24B625BE7070006AB4A3 /* Assets.xcassets in Resources */ = {isa = PBXBuildFile; fileRef = 8FDD24B525BE7070006AB4A3 /* Assets.xcassets */; };
		8FDD24B925BE7070006AB4A3 /* LaunchScreen.storyboard in Resources */ = {isa = PBXBuildFile; fileRef = 8FDD24B725BE7070006AB4A3 /* LaunchScreen.storyboard */; };
/* End PBXBuildFile section */

/* Begin PBXFileReference section */
		13788FDC14A027A136DCDD3F /* Pods-yn_shipingtonghua.release.xcconfig */ = {isa = PBXFileReference; includeInIndex = 1; lastKnownFileType = text.xcconfig; name = "Pods-yn_shipingtonghua.release.xcconfig"; path = "Target Support Files/Pods-yn_shipingtonghua/Pods-yn_shipingtonghua.release.xcconfig"; sourceTree = "<group>"; };
		4D3A69190F7E2AE4F81F143E /* Pods_yn_shipingtonghua.framework */ = {isa = PBXFileReference; explicitFileType = wrapper.framework; includeInIndex = 0; path = Pods_yn_shipingtonghua.framework; sourceTree = BUILT_PRODUCTS_DIR; };
		8F620E1E25BFF30B0042C243 /* CollectionViewCell.swift */ = {isa = PBXFileReference; lastKnownFileType = sourcecode.swift; path = CollectionViewCell.swift; sourceTree = "<group>"; };
		8F620E2E25BFF8300042C243 /* BBModel.swift */ = {isa = PBXFileReference; lastKnownFileType = sourcecode.swift; path = BBModel.swift; sourceTree = "<group>"; };
		8F620E3125BFF9440042C243 /* PlayAudio.swift */ = {isa = PBXFileReference; lastKnownFileType = sourcecode.swift; path = PlayAudio.swift; sourceTree = "<group>"; };
		8F620EA325C02EA60042C243 /* Accelerate.framework */ = {isa = PBXFileReference; lastKnownFileType = wrapper.framework; name = Accelerate.framework; path = System/Library/Frameworks/Accelerate.framework; sourceTree = SDKROOT; };
		8F620EBC25C036550042C243 /* yn_shipingtonghua-Bridging-Header.h */ = {isa = PBXFileReference; lastKnownFileType = sourcecode.c.h; path = "yn_shipingtonghua-Bridging-Header.h"; sourceTree = "<group>"; };
		8F620EBD25C036550042C243 /* GenerateTestUserSig.h */ = {isa = PBXFileReference; lastKnownFileType = sourcecode.c.h; path = GenerateTestUserSig.h; sourceTree = "<group>"; };
		8F620EBE25C036550042C243 /* GenerateTestUserSig.m */ = {isa = PBXFileReference; lastKnownFileType = sourcecode.c.objc; path = GenerateTestUserSig.m; sourceTree = "<group>"; };
		8F620EC125C037000042C243 /* libc++.tbd */ = {isa = PBXFileReference; lastKnownFileType = "sourcecode.text-based-dylib-definition"; name = "libc++.tbd"; path = "usr/lib/libc++.tbd"; sourceTree = SDKROOT; };
		8F620EDC25C0FA390042C243 /* DateUtils.swift */ = {isa = PBXFileReference; lastKnownFileType = sourcecode.swift; path = DateUtils.swift; sourceTree = "<group>"; };
		8F620EE225C1516F0042C243 /* PaddingLabel.swift */ = {isa = PBXFileReference; lastKnownFileType = sourcecode.swift; path = PaddingLabel.swift; sourceTree = "<group>"; };
		8FB6601B25BEB2E8002E4FAB /* Utils.swift */ = {isa = PBXFileReference; lastKnownFileType = sourcecode.swift; path = Utils.swift; sourceTree = "<group>"; };
		8FB6602A25BEC907002E4FAB /* Logging.swift */ = {isa = PBXFileReference; lastKnownFileType = sourcecode.swift; path = Logging.swift; sourceTree = "<group>"; };
		8FB6603225BF9B34002E4FAB /* VUtils.swift */ = {isa = PBXFileReference; lastKnownFileType = sourcecode.swift; path = VUtils.swift; sourceTree = "<group>"; };
		8FDD24A925BE706F006AB4A3 /* yn_shipingtonghua.app */ = {isa = PBXFileReference; explicitFileType = wrapper.application; includeInIndex = 0; path = yn_shipingtonghua.app; sourceTree = BUILT_PRODUCTS_DIR; };
		8FDD24AC25BE706F006AB4A3 /* AppDelegate.swift */ = {isa = PBXFileReference; lastKnownFileType = sourcecode.swift; path = AppDelegate.swift; sourceTree = "<group>"; };
		8FDD24AE25BE706F006AB4A3 /* SceneDelegate.swift */ = {isa = PBXFileReference; lastKnownFileType = sourcecode.swift; path = SceneDelegate.swift; sourceTree = "<group>"; };
		8FDD24B025BE706F006AB4A3 /* ViewController.swift */ = {isa = PBXFileReference; lastKnownFileType = sourcecode.swift; path = ViewController.swift; sourceTree = "<group>"; };
		8FDD24B325BE706F006AB4A3 /* Base */ = {isa = PBXFileReference; lastKnownFileType = file.storyboard; name = Base; path = Base.lproj/Main.storyboard; sourceTree = "<group>"; };
		8FDD24B525BE7070006AB4A3 /* Assets.xcassets */ = {isa = PBXFileReference; lastKnownFileType = folder.assetcatalog; path = Assets.xcassets; sourceTree = "<group>"; };
		8FDD24B825BE7070006AB4A3 /* Base */ = {isa = PBXFileReference; lastKnownFileType = file.storyboard; name = Base; path = Base.lproj/LaunchScreen.storyboard; sourceTree = "<group>"; };
		8FDD24BA25BE7070006AB4A3 /* Info.plist */ = {isa = PBXFileReference; lastKnownFileType = text.plist.xml; path = Info.plist; sourceTree = "<group>"; };
		F08E340A6CC6925FE81695CC /* Pods-yn_shipingtonghua.debug.xcconfig */ = {isa = PBXFileReference; includeInIndex = 1; lastKnownFileType = text.xcconfig; name = "Pods-yn_shipingtonghua.debug.xcconfig"; path = "Target Support Files/Pods-yn_shipingtonghua/Pods-yn_shipingtonghua.debug.xcconfig"; sourceTree = "<group>"; };
/* End PBXFileReference section */

/* Begin PBXFrameworksBuildPhase section */
		8FDD24A625BE706F006AB4A3 /* Frameworks */ = {
			isa = PBXFrameworksBuildPhase;
			buildActionMask = 2147483647;
			files = (
				8F620EC325C037570042C243 /* libc++.tbd in Frameworks */,
				4250BDFF362C179215AB6672 /* Pods_yn_shipingtonghua.framework in Frameworks */,
				8F620EA425C02EA60042C243 /* Accelerate.framework in Frameworks */,
			);
			runOnlyForDeploymentPostprocessing = 0;
		};
/* End PBXFrameworksBuildPhase section */

/* Begin PBXGroup section */
		1D971175436BECF0EC92B99A /* Frameworks */ = {
			isa = PBXGroup;
			children = (
				8F620EC125C037000042C243 /* libc++.tbd */,
				8F620EA325C02EA60042C243 /* Accelerate.framework */,
				4D3A69190F7E2AE4F81F143E /* Pods_yn_shipingtonghua.framework */,
			);
			name = Frameworks;
			sourceTree = "<group>";
		};
		8F620E1D25BFF2E60042C243 /* cells */ = {
			isa = PBXGroup;
			children = (
				8F620E1E25BFF30B0042C243 /* CollectionViewCell.swift */,
			);
			path = cells;
			sourceTree = "<group>";
		};
		8F620E2225BFF6140042C243 /* modle */ = {
			isa = PBXGroup;
			children = (
				8F620E2E25BFF8300042C243 /* BBModel.swift */,
			);
			path = modle;
			sourceTree = "<group>";
		};
		8F620EE125C151390042C243 /* views */ = {
			isa = PBXGroup;
			children = (
				8F620EE225C1516F0042C243 /* PaddingLabel.swift */,
			);
			path = views;
			sourceTree = "<group>";
		};
		8FB6601725BEB298002E4FAB /* utils */ = {
			isa = PBXGroup;
			children = (
				8FB6601B25BEB2E8002E4FAB /* Utils.swift */,
				8FB6603225BF9B34002E4FAB /* VUtils.swift */,
				8F620EDC25C0FA390042C243 /* DateUtils.swift */,
				8F620EBD25C036550042C243 /* GenerateTestUserSig.h */,
				8F620EBE25C036550042C243 /* GenerateTestUserSig.m */,
				8F620EBC25C036550042C243 /* yn_shipingtonghua-Bridging-Header.h */,
			);
			path = utils;
			sourceTree = "<group>";
		};
		8FB6602925BEC84A002E4FAB /* ui */ = {
			isa = PBXGroup;
			children = (
				8F620E1D25BFF2E60042C243 /* cells */,
				8FDD24B025BE706F006AB4A3 /* ViewController.swift */,
				8FB6602A25BEC907002E4FAB /* Logging.swift */,
				8F620E3125BFF9440042C243 /* PlayAudio.swift */,
			);
			path = ui;
			sourceTree = "<group>";
		};
		8FDD24A025BE706F006AB4A3 = {
			isa = PBXGroup;
			children = (
				8FDD24AB25BE706F006AB4A3 /* yn_shipingtonghua */,
				8FDD24AA25BE706F006AB4A3 /* Products */,
				B93B0FC97EE931444A2D87A0 /* Pods */,
				1D971175436BECF0EC92B99A /* Frameworks */,
			);
			sourceTree = "<group>";
		};
		8FDD24AA25BE706F006AB4A3 /* Products */ = {
			isa = PBXGroup;
			children = (
				8FDD24A925BE706F006AB4A3 /* yn_shipingtonghua.app */,
			);
			name = Products;
			sourceTree = "<group>";
		};
		8FDD24AB25BE706F006AB4A3 /* yn_shipingtonghua */ = {
			isa = PBXGroup;
			children = (
				8F620EE125C151390042C243 /* views */,
				8F620E2225BFF6140042C243 /* modle */,
				8FB6602925BEC84A002E4FAB /* ui */,
				8FB6601725BEB298002E4FAB /* utils */,
				8FDD24AC25BE706F006AB4A3 /* AppDelegate.swift */,
				8FDD24AE25BE706F006AB4A3 /* SceneDelegate.swift */,
				8FDD24B225BE706F006AB4A3 /* Main.storyboard */,
				8FDD24B525BE7070006AB4A3 /* Assets.xcassets */,
				8FDD24B725BE7070006AB4A3 /* LaunchScreen.storyboard */,
				8FDD24BA25BE7070006AB4A3 /* Info.plist */,
			);
			path = yn_shipingtonghua;
			sourceTree = "<group>";
		};
		B93B0FC97EE931444A2D87A0 /* Pods */ = {
			isa = PBXGroup;
			children = (
				F08E340A6CC6925FE81695CC /* Pods-yn_shipingtonghua.debug.xcconfig */,
				13788FDC14A027A136DCDD3F /* Pods-yn_shipingtonghua.release.xcconfig */,
			);
			path = Pods;
			sourceTree = "<group>";
		};
/* End PBXGroup section */

/* Begin PBXNativeTarget section */
		8FDD24A825BE706F006AB4A3 /* yn_shipingtonghua */ = {
			isa = PBXNativeTarget;
			buildConfigurationList = 8FDD24BD25BE7070006AB4A3 /* Build configuration list for PBXNativeTarget "yn_shipingtonghua" */;
			buildPhases = (
				A65910D0F7FB85BCA360DA18 /* [CP] Check Pods Manifest.lock */,
				8FDD24A525BE706F006AB4A3 /* Sources */,
				8FDD24A625BE706F006AB4A3 /* Frameworks */,
				8FDD24A725BE706F006AB4A3 /* Resources */,
				0CB082FF301329DAE2166982 /* [CP] Embed Pods Frameworks */,
			);
			buildRules = (
			);
			dependencies = (
			);
			name = yn_shipingtonghua;
			productName = yn_shipingtonghua;
			productReference = 8FDD24A925BE706F006AB4A3 /* yn_shipingtonghua.app */;
			productType = "com.apple.product-type.application";
		};
/* End PBXNativeTarget section */

/* Begin PBXProject section */
		8FDD24A125BE706F006AB4A3 /* Project object */ = {
			isa = PBXProject;
			attributes = {
				LastSwiftUpdateCheck = 1230;
				LastUpgradeCheck = 1230;
				TargetAttributes = {
					8FDD24A825BE706F006AB4A3 = {
						CreatedOnToolsVersion = 12.3;
						LastSwiftMigration = 1230;
					};
				};
			};
			buildConfigurationList = 8FDD24A425BE706F006AB4A3 /* Build configuration list for PBXProject "yn_shipingtonghua" */;
			compatibilityVersion = "Xcode 9.3";
			developmentRegion = en;
			hasScannedForEncodings = 0;
			knownRegions = (
				en,
				Base,
			);
			mainGroup = 8FDD24A025BE706F006AB4A3;
			productRefGroup = 8FDD24AA25BE706F006AB4A3 /* Products */;
			projectDirPath = "";
			projectRoot = "";
			targets = (
				8FDD24A825BE706F006AB4A3 /* yn_shipingtonghua */,
			);
		};
/* End PBXProject section */

/* Begin PBXResourcesBuildPhase section */
		8FDD24A725BE706F006AB4A3 /* Resources */ = {
			isa = PBXResourcesBuildPhase;
			buildActionMask = 2147483647;
			files = (
				8FDD24B925BE7070006AB4A3 /* LaunchScreen.storyboard in Resources */,
				8FDD24B625BE7070006AB4A3 /* Assets.xcassets in Resources */,
				8FDD24B425BE706F006AB4A3 /* Main.storyboard in Resources */,
			);
			runOnlyForDeploymentPostprocessing = 0;
		};
/* End PBXResourcesBuildPhase section */

/* Begin PBXShellScriptBuildPhase section */
		0CB082FF301329DAE2166982 /* [CP] Embed Pods Frameworks */ = {
			isa = PBXShellScriptBuildPhase;
			buildActionMask = 2147483647;
			files = (
			);
			inputFileListPaths = (
				"${PODS_ROOT}/Target Support Files/Pods-yn_shipingtonghua/Pods-yn_shipingtonghua-frameworks-${CONFIGURATION}-input-files.xcfilelist",
			);
			name = "[CP] Embed Pods Frameworks";
			outputFileListPaths = (
				"${PODS_ROOT}/Target Support Files/Pods-yn_shipingtonghua/Pods-yn_shipingtonghua-frameworks-${CONFIGURATION}-output-files.xcfilelist",
			);
			runOnlyForDeploymentPostprocessing = 0;
			shellPath = /bin/sh;
			shellScript = "\"${PODS_ROOT}/Target Support Files/Pods-yn_shipingtonghua/Pods-yn_shipingtonghua-frameworks.sh\"\n";
			showEnvVarsInLog = 0;
		};
		A65910D0F7FB85BCA360DA18 /* [CP] Check Pods Manifest.lock */ = {
			isa = PBXShellScriptBuildPhase;
			buildActionMask = 2147483647;
			files = (
			);
			inputFileListPaths = (
			);
			inputPaths = (
				"${PODS_PODFILE_DIR_PATH}/Podfile.lock",
				"${PODS_ROOT}/Manifest.lock",
			);
			name = "[CP] Check Pods Manifest.lock";
			outputFileListPaths = (
			);
			outputPaths = (
				"$(DERIVED_FILE_DIR)/Pods-yn_shipingtonghua-checkManifestLockResult.txt",
			);
			runOnlyForDeploymentPostprocessing = 0;
			shellPath = /bin/sh;
			shellScript = "diff \"${PODS_PODFILE_DIR_PATH}/Podfile.lock\" \"${PODS_ROOT}/Manifest.lock\" > /dev/null\nif [ $? != 0 ] ; then\n    # print error to STDERR\n    echo \"error: The sandbox is not in sync with the Podfile.lock. Run 'pod install' or update your CocoaPods installation.\" >&2\n    exit 1\nfi\n# This output is used by Xcode 'outputs' to avoid re-running this script phase.\necho \"SUCCESS\" > \"${SCRIPT_OUTPUT_FILE_0}\"\n";
			showEnvVarsInLog = 0;
		};
/* End PBXShellScriptBuildPhase section */

/* Begin PBXSourcesBuildPhase section */
		8FDD24A525BE706F006AB4A3 /* Sources */ = {
			isa = PBXSourcesBuildPhase;
			buildActionMask = 2147483647;
			files = (
				8F620EE325C1516F0042C243 /* PaddingLabel.swift in Sources */,
				8FDD24B125BE706F006AB4A3 /* ViewController.swift in Sources */,
				8FB6602B25BEC907002E4FAB /* Logging.swift in Sources */,
				8FB6603325BF9B34002E4FAB /* VUtils.swift in Sources */,
				8F620EBF25C036550042C243 /* GenerateTestUserSig.m in Sources */,
				8F620E1F25BFF30B0042C243 /* CollectionViewCell.swift in Sources */,
				8FDD24AD25BE706F006AB4A3 /* AppDelegate.swift in Sources */,
				8F620EDD25C0FA390042C243 /* DateUtils.swift in Sources */,
				8F620E3225BFF9440042C243 /* PlayAudio.swift in Sources */,
				8F620E2F25BFF8300042C243 /* BBModel.swift in Sources */,
				8FDD24AF25BE706F006AB4A3 /* SceneDelegate.swift in Sources */,
				8FB6601C25BEB2E8002E4FAB /* Utils.swift in Sources */,
			);
			runOnlyForDeploymentPostprocessing = 0;
		};
/* End PBXSourcesBuildPhase section */

/* Begin PBXVariantGroup section */
		8FDD24B225BE706F006AB4A3 /* Main.storyboard */ = {
			isa = PBXVariantGroup;
			children = (
				8FDD24B325BE706F006AB4A3 /* Base */,
			);
			name = Main.storyboard;
			sourceTree = "<group>";
		};
		8FDD24B725BE7070006AB4A3 /* LaunchScreen.storyboard */ = {
			isa = PBXVariantGroup;
			children = (
				8FDD24B825BE7070006AB4A3 /* Base */,
			);
			name = LaunchScreen.storyboard;
			sourceTree = "<group>";
		};
/* End PBXVariantGroup section */

/* Begin XCBuildConfiguration section */
		8FDD24BB25BE7070006AB4A3 /* Debug */ = {
			isa = XCBuildConfiguration;
			buildSettings = {
				ALWAYS_SEARCH_USER_PATHS = NO;
				CLANG_ANALYZER_NONNULL = YES;
				CLANG_ANALYZER_NUMBER_OBJECT_CONVERSION = YES_AGGRESSIVE;
				CLANG_CXX_LANGUAGE_STANDARD = "gnu++14";
				CLANG_CXX_LIBRARY = "libc++";
				CLANG_ENABLE_MODULES = YES;
				CLANG_ENABLE_OBJC_ARC = YES;
				CLANG_ENABLE_OBJC_WEAK = YES;
				CLANG_WARN_BLOCK_CAPTURE_AUTORELEASING = YES;
				CLANG_WARN_BOOL_CONVERSION = YES;
				CLANG_WARN_COMMA = YES;
				CLANG_WARN_CONSTANT_CONVERSION = YES;
				CLANG_WARN_DEPRECATED_OBJC_IMPLEMENTATIONS = YES;
				CLANG_WARN_DIRECT_OBJC_ISA_USAGE = YES_ERROR;
				CLANG_WARN_DOCUMENTATION_COMMENTS = YES;
				CLANG_WARN_EMPTY_BODY = YES;
				CLANG_WARN_ENUM_CONVERSION = YES;
				CLANG_WARN_INFINITE_RECURSION = YES;
				CLANG_WARN_INT_CONVERSION = YES;
				CLANG_WARN_NON_LITERAL_NULL_CONVERSION = YES;
				CLANG_WARN_OBJC_IMPLICIT_RETAIN_SELF = YES;
				CLANG_WARN_OBJC_LITERAL_CONVERSION = YES;
				CLANG_WARN_OBJC_ROOT_CLASS = YES_ERROR;
				CLANG_WARN_QUOTED_INCLUDE_IN_FRAMEWORK_HEADER = YES;
				CLANG_WARN_RANGE_LOOP_ANALYSIS = YES;
				CLANG_WARN_STRICT_PROTOTYPES = YES;
				CLANG_WARN_SUSPICIOUS_MOVE = YES;
				CLANG_WARN_UNGUARDED_AVAILABILITY = YES_AGGRESSIVE;
				CLANG_WARN_UNREACHABLE_CODE = YES;
				CLANG_WARN__DUPLICATE_METHOD_MATCH = YES;
				COPY_PHASE_STRIP = NO;
				DEBUG_INFORMATION_FORMAT = dwarf;
				ENABLE_STRICT_OBJC_MSGSEND = YES;
				ENABLE_TESTABILITY = YES;
				GCC_C_LANGUAGE_STANDARD = gnu11;
				GCC_DYNAMIC_NO_PIC = NO;
				GCC_NO_COMMON_BLOCKS = YES;
				GCC_OPTIMIZATION_LEVEL = 0;
				GCC_PREPROCESSOR_DEFINITIONS = (
					"DEBUG=1",
					"$(inherited)",
				);
				GCC_WARN_64_TO_32_BIT_CONVERSION = YES;
				GCC_WARN_ABOUT_RETURN_TYPE = YES_ERROR;
				GCC_WARN_UNDECLARED_SELECTOR = YES;
				GCC_WARN_UNINITIALIZED_AUTOS = YES_AGGRESSIVE;
				GCC_WARN_UNUSED_FUNCTION = YES;
				GCC_WARN_UNUSED_VARIABLE = YES;
				IPHONEOS_DEPLOYMENT_TARGET = 14.3;
				MTL_ENABLE_DEBUG_INFO = INCLUDE_SOURCE;
				MTL_FAST_MATH = YES;
				ONLY_ACTIVE_ARCH = YES;
				SDKROOT = iphoneos;
				SWIFT_ACTIVE_COMPILATION_CONDITIONS = DEBUG;
				SWIFT_OPTIMIZATION_LEVEL = "-Onone";
			};
			name = Debug;
		};
		8FDD24BC25BE7070006AB4A3 /* Release */ = {
			isa = XCBuildConfiguration;
			buildSettings = {
				ALWAYS_SEARCH_USER_PATHS = NO;
				CLANG_ANALYZER_NONNULL = YES;
				CLANG_ANALYZER_NUMBER_OBJECT_CONVERSION = YES_AGGRESSIVE;
				CLANG_CXX_LANGUAGE_STANDARD = "gnu++14";
				CLANG_CXX_LIBRARY = "libc++";
				CLANG_ENABLE_MODULES = YES;
				CLANG_ENABLE_OBJC_ARC = YES;
				CLANG_ENABLE_OBJC_WEAK = YES;
				CLANG_WARN_BLOCK_CAPTURE_AUTORELEASING = YES;
				CLANG_WARN_BOOL_CONVERSION = YES;
				CLANG_WARN_COMMA = YES;
				CLANG_WARN_CONSTANT_CONVERSION = YES;
				CLANG_WARN_DEPRECATED_OBJC_IMPLEMENTATIONS = YES;
				CLANG_WARN_DIRECT_OBJC_ISA_USAGE = YES_ERROR;
				CLANG_WARN_DOCUMENTATION_COMMENTS = YES;
				CLANG_WARN_EMPTY_BODY = YES;
				CLANG_WARN_ENUM_CONVERSION = YES;
				CLANG_WARN_INFINITE_RECURSION = YES;
				CLANG_WARN_INT_CONVERSION = YES;
				CLANG_WARN_NON_LITERAL_NULL_CONVERSION = YES;
				CLANG_WARN_OBJC_IMPLICIT_RETAIN_SELF = YES;
				CLANG_WARN_OBJC_LITERAL_CONVERSION = YES;
				CLANG_WARN_OBJC_ROOT_CLASS = YES_ERROR;
				CLANG_WARN_QUOTED_INCLUDE_IN_FRAMEWORK_HEADER = YES;
				CLANG_WARN_RANGE_LOOP_ANALYSIS = YES;
				CLANG_WARN_STRICT_PROTOTYPES = YES;
				CLANG_WARN_SUSPICIOUS_MOVE = YES;
				CLANG_WARN_UNGUARDED_AVAILABILITY = YES_AGGRESSIVE;
				CLANG_WARN_UNREACHABLE_CODE = YES;
				CLANG_WARN__DUPLICATE_METHOD_MATCH = YES;
				COPY_PHASE_STRIP = NO;
				DEBUG_INFORMATION_FORMAT = "dwarf-with-dsym";
				ENABLE_NS_ASSERTIONS = NO;
				ENABLE_STRICT_OBJC_MSGSEND = YES;
				GCC_C_LANGUAGE_STANDARD = gnu11;
				GCC_NO_COMMON_BLOCKS = YES;
				GCC_WARN_64_TO_32_BIT_CONVERSION = YES;
				GCC_WARN_ABOUT_RETURN_TYPE = YES_ERROR;
				GCC_WARN_UNDECLARED_SELECTOR = YES;
				GCC_WARN_UNINITIALIZED_AUTOS = YES_AGGRESSIVE;
				GCC_WARN_UNUSED_FUNCTION = YES;
				GCC_WARN_UNUSED_VARIABLE = YES;
				IPHONEOS_DEPLOYMENT_TARGET = 14.3;
				MTL_ENABLE_DEBUG_INFO = NO;
				MTL_FAST_MATH = YES;
				SDKROOT = iphoneos;
				SWIFT_COMPILATION_MODE = wholemodule;
				SWIFT_OPTIMIZATION_LEVEL = "-O";
				VALIDATE_PRODUCT = YES;
			};
			name = Release;
		};
		8FDD24BE25BE7070006AB4A3 /* Debug */ = {
			isa = XCBuildConfiguration;
			baseConfigurationReference = F08E340A6CC6925FE81695CC /* Pods-yn_shipingtonghua.debug.xcconfig */;
			buildSettings = {
				ASSETCATALOG_COMPILER_APPICON_NAME = AppIcon;
				ASSETCATALOG_COMPILER_GLOBAL_ACCENT_COLOR_NAME = AccentColor;
				CLANG_ALLOW_NON_MODULAR_INCLUDES_IN_FRAMEWORK_MODULES = YES;
				CLANG_ENABLE_MODULES = YES;
				CODE_SIGN_STYLE = Automatic;
				DEVELOPMENT_TEAM = 36S9LMQ7ZN;
				ENABLE_BITCODE = NO;
				INFOPLIST_FILE = yn_shipingtonghua/Info.plist;
				LD_RUNPATH_SEARCH_PATHS = (
					"$(inherited)",
					"@executable_path/Frameworks",
				);
				PRODUCT_BUNDLE_IDENTIFIER = "com.example.yinian.menkou.ynshipingtonghua.yn-shipingtonghua";
				PRODUCT_NAME = "$(TARGET_NAME)";
				SWIFT_OBJC_BRIDGING_HEADER = "yn_shipingtonghua/utils/yn_shipingtonghua-Bridging-Header.h";
				SWIFT_OPTIMIZATION_LEVEL = "-Onone";
				SWIFT_VERSION = 5.0;
				TARGETED_DEVICE_FAMILY = 1;
			};
			name = Debug;
		};
		8FDD24BF25BE7070006AB4A3 /* Release */ = {
			isa = XCBuildConfiguration;
			baseConfigurationReference = 13788FDC14A027A136DCDD3F /* Pods-yn_shipingtonghua.release.xcconfig */;
			buildSettings = {
				ASSETCATALOG_COMPILER_APPICON_NAME = AppIcon;
				ASSETCATALOG_COMPILER_GLOBAL_ACCENT_COLOR_NAME = AccentColor;
				CLANG_ALLOW_NON_MODULAR_INCLUDES_IN_FRAMEWORK_MODULES = YES;
				CLANG_ENABLE_MODULES = YES;
				CODE_SIGN_STYLE = Automatic;
				DEVELOPMENT_TEAM = 36S9LMQ7ZN;
				ENABLE_BITCODE = NO;
				INFOPLIST_FILE = yn_shipingtonghua/Info.plist;
				LD_RUNPATH_SEARCH_PATHS = (
					"$(inherited)",
					"@executable_path/Frameworks",
				);
				PRODUCT_BUNDLE_IDENTIFIER = "com.example.yinian.menkou.ynshipingtonghua.yn-shipingtonghua";
				PRODUCT_NAME = "$(TARGET_NAME)";
				SWIFT_OBJC_BRIDGING_HEADER = "yn_shipingtonghua/utils/yn_shipingtonghua-Bridging-Header.h";
				SWIFT_VERSION = 5.0;
				TARGETED_DEVICE_FAMILY = 1;
			};
			name = Release;
		};
/* End XCBuildConfiguration section */

/* Begin XCConfigurationList section */
		8FDD24A425BE706F006AB4A3 /* Build configuration list for PBXProject "yn_shipingtonghua" */ = {
			isa = XCConfigurationList;
			buildConfigurations = (
				8FDD24BB25BE7070006AB4A3 /* Debug */,
				8FDD24BC25BE7070006AB4A3 /* Release */,
			);
			defaultConfigurationIsVisible = 0;
			defaultConfigurationName = Release;
		};
		8FDD24BD25BE7070006AB4A3 /* Build configuration list for PBXNativeTarget "yn_shipingtonghua" */ = {
			isa = XCConfigurationList;
			buildConfigurations = (
				8FDD24BE25BE7070006AB4A3 /* Debug */,
				8FDD24BF25BE7070006AB4A3 /* Release */,
			);
			defaultConfigurationIsVisible = 0;
			defaultConfigurationName = Release;
		};
/* End XCConfigurationList section */
	};
	rootObject = 8FDD24A125BE706F006AB4A3 /* Project object */;
}
